lockfileVersion: 5.4

specifiers:
  '@tanstack/solid-table': ^8.7.4
  '@types/swagger-ui-dist': ^3.30.1
  swagger-ui-dist: ^4.15.5

dependencies:
  '@tanstack/solid-table': 8.7.4_solid-js@1.6.6
  swagger-ui-dist: 4.15.5

devDependencies:
  '@types/swagger-ui-dist': 3.30.1

packages:

  /@tanstack/solid-table/8.7.4_solid-js@1.6.6:
    resolution: {integrity: sha512-2A0ZHrx1LwVQPy9QUebageDgj9keVrfgi6rXDIy5LT/Azhwnxqw/hMufzEAAGWGBW+pQSAmCv/CrlU4sj/TX3Q==}
    engines: {node: '>=12'}
    peerDependencies:
      solid-js: ^1.3.13
    dependencies:
      '@tanstack/table-core': 8.7.4
      solid-js: 1.6.6
    dev: false

  /@tanstack/table-core/8.7.4:
    resolution: {integrity: sha512-OPhzca7e83KGukxLpZ+4F9OBp9CZXi9b/OGJBH8dlC3wpffcSSDczYGUGJKG7wirXQ6cUVYL+9G6UrrdnblKNQ==}
    engines: {node: '>=12'}
    dev: false

  /@types/swagger-ui-dist/3.30.1:
    resolution: {integrity: sha512-wWojDensMF33dSrhak4iWSPOsWBbvf+rSJ6VWQ7ohQbGdKAiT2IwUexrDZkMvf3+vVAPVnNFDRDtxADFszbh+Q==}
    dev: true

  /csstype/3.1.1:
    resolution: {integrity: sha512-DJR/VvkAvSZW9bTouZue2sSxDwdTN92uHjqeKVm+0dAqdfNykRzQ95tay8aXMBAAPpUiq4Qcug2L7neoRh2Egw==}
    dev: false

  /solid-js/1.6.6:
    resolution: {integrity: sha512-5x33mEbPI8QLuywvFjQP4krjWDr8xiYFgZx9KCBH7b0ZzypQCHaUubob7bK6i+1u6nhaAqhWtvXS587Kb8DShA==}
    dependencies:
      csstype: 3.1.1
    dev: false

  /swagger-ui-dist/4.15.5:
    resolution: {integrity: sha512-V3eIa28lwB6gg7/wfNvAbjwJYmDXy1Jo1POjyTzlB6wPcHiGlRxq39TSjYGVjQrUSAzpv+a7nzp7mDxgNy57xA==}
    dev: false
